<Solution>
  <Folder Name="/src/">
    <Project Path="../ExpenseTracker.Application/ExpenseTracker.Application.csproj" />
    <Project Path="../ExpenseTracker.Domain/ExpenseTracker.Domain.csproj" />
    <Project Path="../ExpenseTracker.Infrastructure/ExpenseTracker.Infrastructure.csproj" />
    <Project Path="../ExpenseTracker.Persistence/ExpenseTracker.Persistence.csproj" />
    <Project Path="ExpenseTracker.API.csproj" />
  </Folder>
</Solution>
